// !$*UTF8*$!
{
	archiveVersion = 1;
	classes = {
	};
	objectVersion = 70;
	objects = {

/* Begin PBXBuildFile section */
		001E1C922F853DF500AD4DC7 /* SensorPayload.swift in Sources */ = {isa = PBXBuildFile; fileRef = 001E1C8E2F853DF500AD4DC7 /* SensorPayload.swift */; };
		001E1C932F853DF500AD4DC7 /* SmartAlarmManager.swift in Sources */ = {isa = PBXBuildFile; fileRef = 001E1C912F853DF500AD4DC7 /* SmartAlarmManager.swift */; };
		001E1C952F853DF500AD4DC7 /* SleepSessionManager.swift in Sources */ = {isa = PBXBuildFile; fileRef = 001E1C902F853DF500AD4DC7 /* SleepSessionManager.swift */; };
		D00000000000000000000001 /* SleepSessionManager+WatchConnectivity.swift in Sources */ = {isa = PBXBuildFile; fileRef = D00000000000000000000011 /* SleepSessionManager+WatchConnectivity.swift */; };
		D00000000000000000000002 /* SleepSessionManager+PayloadHandling.swift in Sources */ = {isa = PBXBuildFile; fileRef = D00000000000000000000012 /* SleepSessionManager+PayloadHandling.swift */; };
		D00000000000000000000003 /* SleepSessionManager+Analysis.swift in Sources */ = {isa = PBXBuildFile; fileRef = D00000000000000000000013 /* SleepSessionManager+Analysis.swift */; };
		D00000000000000000000004 /* SleepSessionManager+Persistence.swift in Sources */ = {isa = PBXBuildFile; fileRef = D00000000000000000000014 /* SleepSessionManager+Persistence.swift */; };
		D00000000000000000000005 /* SleepSessionManager+Utilities.swift in Sources */ = {isa = PBXBuildFile; fileRef = D00000000000000000000015 /* SleepSessionManager+Utilities.swift */; };
		001E1C972F853EB100AD4DC7 /* DiagnosticsView.swift in Sources */ = {isa = PBXBuildFile; fileRef = 001E1C962F853EB100AD4DC7 /* DiagnosticsView.swift */; };
		001E1CC72F87FA3B00AD4DC7 /* NinetySiriShortcuts.swift in Sources */ = {isa = PBXBuildFile; fileRef = 001E1CC62F87FA3B00AD4DC7 /* NinetySiriShortcuts.swift */; };
		0095803E2F9F98EE005241FF /* SafariView.swift in Sources */ = {isa = PBXBuildFile; fileRef = 0095803D2F9F98EE005241FF /* SafariView.swift */; };
		00B643152F7EC58900CC8B51 /* NinetyWatch Watch App.app in Embed Watch Content */ = {isa = PBXBuildFile; fileRef = 00B6430B2F7EC58800CC8B51 /* NinetyWatch Watch App.app */; settings = {ATTRIBUTES = (RemoveHeadersOnCopy, ); }; };
		00B643212F7EC82E00CC8B51 /* AlarmKit.framework in Frameworks */ = {isa = PBXBuildFile; fileRef = 00B643202F7EC82E00CC8B51 /* AlarmKit.framework */; };
		00B643232F85305E00CC8B51 /* CoreMotion.framework in Frameworks */ = {isa = PBXBuildFile; fileRef = 00B643222F85305E00CC8B51 /* CoreMotion.framework */; };
		00B643242F85305E00CC8B51 /* NeuralWakeUP.mlmodel in Resources */ = {isa = PBXBuildFile; fileRef = E1A2B3C42F96800000112233 /* NeuralWakeUP.mlmodel */; };
		5B7A310C2C3FDCCB00353790 /* ScheduleViewModel.swift in Sources */ = {isa = PBXBuildFile; fileRef = 5B7A310B2C3FDCCB00353790 /* ScheduleViewModel.swift */; };
		D00000000000000000000006 /* ScheduleViewModel+Storage.swift in Sources */ = {isa = PBXBuildFile; fileRef = D00000000000000000000016 /* ScheduleViewModel+Storage.swift */; };
		5B7A31132C401F9F00353790 /* SettingsViewModel.swift in Sources */ = {isa = PBXBuildFile; fileRef = 5B7A31122C401F9F00353790 /* SettingsViewModel.swift */; };
		5BB3ED6A2C3AD54600CD4274 /* NinetyApp.swift in Sources */ = {isa = PBXBuildFile; fileRef = 5BB3ED692C3AD54600CD4274 /* NinetyApp.swift */; };
		5BB3ED6E2C3AD54700CD4274 /* Assets.xcassets in Resources */ = {isa = PBXBuildFile; fileRef = 5BB3ED6D2C3AD54700CD4274 /* Assets.xcassets */; };
		5BB3ED712C3AD54700CD4274 /* Preview Assets.xcassets in Resources */ = {isa = PBXBuildFile; fileRef = 5BB3ED702C3AD54700CD4274 /* Preview Assets.xcassets */; };
		5BB3ED7C2C3ADCAB00CD4274 /* OnboardingView.swift in Sources */ = {isa = PBXBuildFile; fileRef = 5BB3ED7B2C3ADCAB00CD4274 /* OnboardingView.swift */; };
		5BF32F832C3C056900A528BD /* SettingsView.swift in Sources */ = {isa = PBXBuildFile; fileRef = 5BF32F822C3C056900A528BD /* SettingsView.swift */; };
		5BF32F852C3C05A900A528BD /* ScheduleView.swift in Sources */ = {isa = PBXBuildFile; fileRef = 5BF32F842C3C05A900A528BD /* ScheduleView.swift */; };
		D00000000000000000000007 /* ScheduleView+WatchSetup.swift in Sources */ = {isa = PBXBuildFile; fileRef = D00000000000000000000017 /* ScheduleView+WatchSetup.swift */; };
		D00000000000000000000008 /* SchedulePickerComponents.swift in Sources */ = {isa = PBXBuildFile; fileRef = D00000000000000000000018 /* SchedulePickerComponents.swift */; };
		A1B2C3D22C3FDC8200353790 /* LiquidGlass.swift in Sources */ = {isa = PBXBuildFile; fileRef = A1B2C3D12C3FDC8200353790 /* LiquidGlass.swift */; };
		A1B2C3E12C3FDC8200353790 /* RedesignedComponents.swift in Sources */ = {isa = PBXBuildFile; fileRef = A1B2C3E02C3FDC8200353790 /* RedesignedComponents.swift */; };
		B1C2D3E42F90123400AABBCC /* GuidedTourView.swift in Sources */ = {isa = PBXBuildFile; fileRef = B1C2D3E32F90123400AABBCC /* GuidedTourView.swift */; };
		C0D3B0010000000000000001 /* NinetyAlarmIntentSupport.swift in Sources */ = {isa = PBXBuildFile; fileRef = C0D3F0010000000000000001 /* NinetyAlarmIntentSupport.swift */; };
		C0D3B0020000000000000001 /* SetNinetyAlarmIntent.swift in Sources */ = {isa = PBXBuildFile; fileRef = C0D3F0020000000000000001 /* SetNinetyAlarmIntent.swift */; };
		C0D3B0030000000000000001 /* GetNinetyAlarmIntent.swift in Sources */ = {isa = PBXBuildFile; fileRef = C0D3F0030000000000000001 /* GetNinetyAlarmIntent.swift */; };
		C0D3B0040000000000000001 /* UpdateNinetyAlarmIntent.swift in Sources */ = {isa = PBXBuildFile; fileRef = C0D3F0040000000000000001 /* UpdateNinetyAlarmIntent.swift */; };
		C0D3B0050000000000000001 /* CancelNinetyAlarmIntent.swift in Sources */ = {isa = PBXBuildFile; fileRef = C0D3F0050000000000000001 /* CancelNinetyAlarmIntent.swift */; };
		C0D3B0060000000000000001 /* AppShortcuts.strings in Resources */ = {isa = PBXBuildFile; fileRef = C0D3F0060000000000000001 /* AppShortcuts.strings */; };
		E1A2B3C92F96820000112233 /* TestModeView.swift in Sources */ = {isa = PBXBuildFile; fileRef = E1A2B3C82F96820000112233 /* TestModeView.swift */; };
/* End PBXBuildFile section */

/* Begin PBXContainerItemProxy section */
		00B643132F7EC58900CC8B51 /* PBXContainerItemProxy */ = {
			isa = PBXContainerItemProxy;
			containerPortal = 5BB3ED5E2C3AD54600CD4274 /* Project object */;
			proxyType = 1;
			remoteGlobalIDString = 00B6430A2F7EC58800CC8B51;
			remoteInfo = "NinetyWatch Watch App";
		};
/* End PBXContainerItemProxy section */

/* Begin PBXCopyFilesBuildPhase section */
		00B643192F7EC58900CC8B51 /* Embed Watch Content */ = {
			isa = PBXCopyFilesBuildPhase;
			buildActionMask = 2147483647;
			dstPath = "$(CONTENTS_FOLDER_PATH)/Watch";
			dstSubfolderSpec = 16;
			files = (
				00B643152F7EC58900CC8B51 /* NinetyWatch Watch App.app in Embed Watch Content */,
			);
			name = "Embed Watch Content";
			runOnlyForDeploymentPostprocessing = 0;
		};
/* End PBXCopyFilesBuildPhase section */

/* Begin PBXFileReference section */
		001E1C8E2F853DF500AD4DC7 /* SensorPayload.swift */ = {isa = PBXFileReference; lastKnownFileType = sourcecode.swift; path = SensorPayload.swift; sourceTree = "<group>"; };
		001E1C902F853DF500AD4DC7 /* SleepSessionManager.swift */ = {isa = PBXFileReference; lastKnownFileType = sourcecode.swift; path = SleepSessionManager.swift; sourceTree = "<group>"; };
		D00000000000000000000011 /* SleepSessionManager+WatchConnectivity.swift */ = {isa = PBXFileReference; lastKnownFileType = sourcecode.swift; path = "SleepSessionManager+WatchConnectivity.swift"; sourceTree = "<group>"; };
		D00000000000000000000012 /* SleepSessionManager+PayloadHandling.swift */ = {isa = PBXFileReference; lastKnownFileType = sourcecode.swift; path = "SleepSessionManager+PayloadHandling.swift"; sourceTree = "<group>"; };
		D00000000000000000000013 /* SleepSessionManager+Analysis.swift */ = {isa = PBXFileReference; lastKnownFileType = sourcecode.swift; path = "SleepSessionManager+Analysis.swift"; sourceTree = "<group>"; };
		D00000000000000000000014 /* SleepSessionManager+Persistence.swift */ = {isa = PBXFileReference; lastKnownFileType = sourcecode.swift; path = "SleepSessionManager+Persistence.swift"; sourceTree = "<group>"; };
		D00000000000000000000015 /* SleepSessionManager+Utilities.swift */ = {isa = PBXFileReference; lastKnownFileType = sourcecode.swift; path = "SleepSessionManager+Utilities.swift"; sourceTree = "<group>"; };
		001E1C912F853DF500AD4DC7 /* SmartAlarmManager.swift */ = {isa = PBXFileReference; lastKnownFileType = sourcecode.swift; path = SmartAlarmManager.swift; sourceTree = "<group>"; };
		001E1C962F853EB100AD4DC7 /* DiagnosticsView.swift */ = {isa = PBXFileReference; lastKnownFileType = sourcecode.swift; path = DiagnosticsView.swift; sourceTree = "<group>"; };
		001E1CC62F87FA3B00AD4DC7 /* NinetySiriShortcuts.swift */ = {isa = PBXFileReference; lastKnownFileType = sourcecode.swift; path = NinetySiriShortcuts.swift; sourceTree = "<group>"; };
		0095803D2F9F98EE005241FF /* SafariView.swift */ = {isa = PBXFileReference; lastKnownFileType = sourcecode.swift; path = SafariView.swift; sourceTree = "<group>"; };
		00B6430B2F7EC58800CC8B51 /* NinetyWatch Watch App.app */ = {isa = PBXFileReference; explicitFileType = wrapper.application; includeInIndex = 0; path = "NinetyWatch Watch App.app"; sourceTree = BUILT_PRODUCTS_DIR; };
		00B6431B2F7EC6A700CC8B51 /* Info.plist */ = {isa = PBXFileReference; lastKnownFileType = text.plist; path = Info.plist; sourceTree = "<group>"; };
		00B6431C2F7EC6BC00CC8B51 /* Ninety.entitlements */ = {isa = PBXFileReference; lastKnownFileType = text.plist.entitlements; path = Ninety.entitlements; sourceTree = "<group>"; };
		00B643202F7EC82E00CC8B51 /* AlarmKit.framework */ = {isa = PBXFileReference; lastKnownFileType = wrapper.framework; name = AlarmKit.framework; path = System/Library/Frameworks/AlarmKit.framework; sourceTree = SDKROOT; };
		00B643222F85305E00CC8B51 /* CoreMotion.framework */ = {isa = PBXFileReference; lastKnownFileType = wrapper.framework; name = CoreMotion.framework; path = Platforms/WatchOS.platform/Developer/SDKs/WatchOS26.4.sdk/System/Library/Frameworks/CoreMotion.framework; sourceTree = DEVELOPER_DIR; };
		5B7A310B2C3FDCCB00353790 /* ScheduleViewModel.swift */ = {isa = PBXFileReference; lastKnownFileType = sourcecode.swift; path = ScheduleViewModel.swift; sourceTree = "<group>"; };
		D00000000000000000000016 /* ScheduleViewModel+Storage.swift */ = {isa = PBXFileReference; lastKnownFileType = sourcecode.swift; path = "ScheduleViewModel+Storage.swift"; sourceTree = "<group>"; };
		5B7A31122C401F9F00353790 /* SettingsViewModel.swift */ = {isa = PBXFileReference; lastKnownFileType = sourcecode.swift; path = SettingsViewModel.swift; sourceTree = "<group>"; };
		5BB3ED662C3AD54600CD4274 /* Ninety.app */ = {isa = PBXFileReference; explicitFileType = wrapper.application; includeInIndex = 0; path = Ninety.app; sourceTree = BUILT_PRODUCTS_DIR; };
		5BB3ED692C3AD54600CD4274 /* NinetyApp.swift */ = {isa = PBXFileReference; lastKnownFileType = sourcecode.swift; path = NinetyApp.swift; sourceTree = "<group>"; };
		5BB3ED6D2C3AD54700CD4274 /* Assets.xcassets */ = {isa = PBXFileReference; lastKnownFileType = folder.assetcatalog; path = Assets.xcassets; sourceTree = "<group>"; };
		5BB3ED702C3AD54700CD4274 /* Preview Assets.xcassets */ = {isa = PBXFileReference; lastKnownFileType = folder.assetcatalog; path = "Preview Assets.xcassets"; sourceTree = "<group>"; };
		5BB3ED7B2C3ADCAB00CD4274 /* OnboardingView.swift */ = {isa = PBXFileReference; lastKnownFileType = sourcecode.swift; path = OnboardingView.swift; sourceTree = "<group>"; };
		5BF32F822C3C056900A528BD /* SettingsView.swift */ = {isa = PBXFileReference; lastKnownFileType = sourcecode.swift; path = SettingsView.swift; sourceTree = "<group>"; };
		5BF32F842C3C05A900A528BD /* ScheduleView.swift */ = {isa = PBXFileReference; lastKnownFileType = sourcecode.swift; path = ScheduleView.swift; sourceTree = "<group>"; };
		D00000000000000000000017 /* ScheduleView+WatchSetup.swift */ = {isa = PBXFileReference; lastKnownFileType = sourcecode.swift; path = "ScheduleView+WatchSetup.swift"; sourceTree = "<group>"; };
		D00000000000000000000018 /* SchedulePickerComponents.swift */ = {isa = PBXFileReference; lastKnownFileType = sourcecode.swift; path = SchedulePickerComponents.swift; sourceTree = "<group>"; };
		A1B2C3D12C3FDC8200353790 /* LiquidGlass.swift */ = {isa = PBXFileReference; lastKnownFileType = sourcecode.swift; path = LiquidGlass.swift; sourceTree = "<group>"; };
		A1B2C3E02C3FDC8200353790 /* RedesignedComponents.swift */ = {isa = PBXFileReference; lastKnownFileType = sourcecode.swift; path = RedesignedComponents.swift; sourceTree = "<group>"; };
		B1C2D3E32F90123400AABBCC /* GuidedTourView.swift */ = {isa = PBXFileReference; lastKnownFileType = sourcecode.swift; path = GuidedTourView.swift; sourceTree = "<group>"; };
		C0D3F0010000000000000001 /* NinetyAlarmIntentSupport.swift */ = {isa = PBXFileReference; lastKnownFileType = sourcecode.swift; path = NinetyAlarmIntentSupport.swift; sourceTree = "<group>"; };
		C0D3F0020000000000000001 /* SetNinetyAlarmIntent.swift */ = {isa = PBXFileReference; lastKnownFileType = sourcecode.swift; path = SetNinetyAlarmIntent.swift; sourceTree = "<group>"; };
		C0D3F0030000000000000001 /* GetNinetyAlarmIntent.swift */ = {isa = PBXFileReference; lastKnownFileType = sourcecode.swift; path = GetNinetyAlarmIntent.swift; sourceTree = "<group>"; };
		C0D3F0040000000000000001 /* UpdateNinetyAlarmIntent.swift */ = {isa = PBXFileReference; lastKnownFileType = sourcecode.swift; path = UpdateNinetyAlarmIntent.swift; sourceTree = "<group>"; };
		C0D3F0050000000000000001 /* CancelNinetyAlarmIntent.swift */ = {isa = PBXFileReference; lastKnownFileType = sourcecode.swift; path = CancelNinetyAlarmIntent.swift; sourceTree = "<group>"; };
		C0D3F0060000000000000001 /* AppShortcuts.strings */ = {isa = PBXFileReference; lastKnownFileType = text.plist.strings; path = AppShortcuts.strings; sourceTree = "<group>"; };
		E1A2B3C42F96800000112233 /* NeuralWakeUP.mlmodel */ = {isa = PBXFileReference; lastKnownFileType = file.mlmodel; path = NeuralWakeUP.mlmodel; sourceTree = "<group>"; };
		E1A2B3C82F96820000112233 /* TestModeView.swift */ = {isa = PBXFileReference; lastKnownFileType = sourcecode.swift; path = TestModeView.swift; sourceTree = "<group>"; };
/* End PBXFileReference section */

/* Begin PBXFileSystemSynchronizedRootGroup section */
		00B6430C2F7EC58800CC8B51 /* NinetyWatch Watch App */ = {isa = PBXFileSystemSynchronizedRootGroup; explicitFileTypes = {}; explicitFolders = (); path = "NinetyWatch Watch App"; sourceTree = "<group>"; };
		D23DFE0B2F967A6F004C4401 /* dataset */ = {isa = PBXFileSystemSynchronizedRootGroup; explicitFileTypes = {}; explicitFolders = (); path = dataset; sourceTree = "<group>"; };
/* End PBXFileSystemSynchronizedRootGroup section */

/* Begin PBXFrameworksBuildPhase section */
		00B643082F7EC58800CC8B51 /* Frameworks */ = {
			isa = PBXFrameworksBuildPhase;
			buildActionMask = 2147483647;
			files = (
				00B643232F85305E00CC8B51 /* CoreMotion.framework in Frameworks */,
			);
			runOnlyForDeploymentPostprocessing = 0;
		};
		5BB3ED632C3AD54600CD4274 /* Frameworks */ = {
			isa = PBXFrameworksBuildPhase;
			buildActionMask = 2147483647;
			files = (
				00B643212F7EC82E00CC8B51 /* AlarmKit.framework in Frameworks */,
			);
			runOnlyForDeploymentPostprocessing = 0;
		};
/* End PBXFrameworksBuildPhase section */

/* Begin PBXGroup section */
		00B6431F2F7EC82E00CC8B51 /* Frameworks */ = {
			isa = PBXGroup;
			children = (
				00B643222F85305E00CC8B51 /* CoreMotion.framework */,
				00B643202F7EC82E00CC8B51 /* AlarmKit.framework */,
			);
			name = Frameworks;
			sourceTree = "<group>";
		};
		5B7A310A2C3FDC8200353790 /* Schedule */ = {
			isa = PBXGroup;
			children = (
				5BF32F842C3C05A900A528BD /* ScheduleView.swift */,
				D00000000000000000000017 /* ScheduleView+WatchSetup.swift */,
				D00000000000000000000018 /* SchedulePickerComponents.swift */,
				A1B2C3E02C3FDC8200353790 /* RedesignedComponents.swift */,
				5B7A310B2C3FDCCB00353790 /* ScheduleViewModel.swift */,
				D00000000000000000000016 /* ScheduleViewModel+Storage.swift */,
			);
			path = Schedule;
			sourceTree = "<group>";
		};
		5B7A310F2C3FDE2900353790 /* Settings */ = {
			isa = PBXGroup;
			children = (
				5BF32F822C3C056900A528BD /* SettingsView.swift */,
				5B7A31122C401F9F00353790 /* SettingsViewModel.swift */,
			);
			path = Settings;
			sourceTree = "<group>";
		};
		5BB3ED5D2C3AD54600CD4274 = {
			isa = PBXGroup;
			children = (
				5BB3ED682C3AD54600CD4274 /* Ninety */,
				00B6430C2F7EC58800CC8B51 /* NinetyWatch Watch App */,
				00B6431F2F7EC82E00CC8B51 /* Frameworks */,
				5BB3ED672C3AD54600CD4274 /* Products */,
				D23DFE0B2F967A6F004C4401 /* dataset */,
			);
			sourceTree = "<group>";
		};
		5BB3ED672C3AD54600CD4274 /* Products */ = {
			isa = PBXGroup;
			children = (
				5BB3ED662C3AD54600CD4274 /* Ninety.app */,
				00B6430B2F7EC58800CC8B51 /* NinetyWatch Watch App.app */,
			);
			name = Products;
			sourceTree = "<group>";
		};
		5BB3ED682C3AD54600CD4274 /* Ninety */ = {
			isa = PBXGroup;
			children = (
				001E1C8E2F853DF500AD4DC7 /* SensorPayload.swift */,
				001E1C902F853DF500AD4DC7 /* SleepSessionManager.swift */,
				D00000000000000000000011 /* SleepSessionManager+WatchConnectivity.swift */,
				D00000000000000000000012 /* SleepSessionManager+PayloadHandling.swift */,
				D00000000000000000000013 /* SleepSessionManager+Analysis.swift */,
				D00000000000000000000014 /* SleepSessionManager+Persistence.swift */,
				D00000000000000000000015 /* SleepSessionManager+Utilities.swift */,
				001E1C912F853DF500AD4DC7 /* SmartAlarmManager.swift */,
				00B6431C2F7EC6BC00CC8B51 /* Ninety.entitlements */,
				00B6431B2F7EC6A700CC8B51 /* Info.plist */,
				5BB3ED692C3AD54600CD4274 /* NinetyApp.swift */,
				C0D3A0010000000000000001 /* Intents */,
				5BB3ED7F2C3B0AA200CD4274 /* View */,
				A1B2C3D02C3FDC8200353790 /* Utilities */,
				5BB3ED6D2C3AD54700CD4274 /* Assets.xcassets */,
				5BB3ED6F2C3AD54700CD4274 /* Preview Content */,
				001E1CC62F87FA3B00AD4DC7 /* NinetySiriShortcuts.swift */,
				C0D3F0060000000000000001 /* AppShortcuts.strings */,
				E1A2B3C42F96800000112233 /* NeuralWakeUP.mlmodel */,
			);
			path = Ninety;
			sourceTree = "<group>";
		};
		5BB3ED6F2C3AD54700CD4274 /* Preview Content */ = {
			isa = PBXGroup;
			children = (
				5BB3ED702C3AD54700CD4274 /* Preview Assets.xcassets */,
			);
			path = "Preview Content";
			sourceTree = "<group>";
		};
		5BB3ED7F2C3B0AA200CD4274 /* View */ = {
			isa = PBXGroup;
			children = (
				5BB3ED812C3B0ACA00CD4274 /* Root */,
				5B7A310F2C3FDE2900353790 /* Settings */,
				5B7A310A2C3FDC8200353790 /* Schedule */,
			);
			path = View;
			sourceTree = "<group>";
		};
		5BB3ED812C3B0ACA00CD4274 /* Root */ = {
			isa = PBXGroup;
			children = (
				001E1C962F853EB100AD4DC7 /* DiagnosticsView.swift */,
				B1C2D3E32F90123400AABBCC /* GuidedTourView.swift */,
				5BB3ED7B2C3ADCAB00CD4274 /* OnboardingView.swift */,
				E1A2B3C82F96820000112233 /* TestModeView.swift */,
			);
			path = Root;
			sourceTree = "<group>";
		};
		A1B2C3D02C3FDC8200353790 /* Utilities */ = {
			isa = PBXGroup;
			children = (
				0095803D2F9F98EE005241FF /* SafariView.swift */,
				A1B2C3D12C3FDC8200353790 /* LiquidGlass.swift */,
			);
			path = Utilities;
			sourceTree = "<group>";
		};
		C0D3A0010000000000000001 /* Intents */ = {
			isa = PBXGroup;
			children = (
				C0D3F0010000000000000001 /* NinetyAlarmIntentSupport.swift */,
				C0D3F0020000000000000001 /* SetNinetyAlarmIntent.swift */,
				C0D3F0030000000000000001 /* GetNinetyAlarmIntent.swift */,
				C0D3F0040000000000000001 /* UpdateNinetyAlarmIntent.swift */,
				C0D3F0050000000000000001 /* CancelNinetyAlarmIntent.swift */,
			);
			path = Intents;
			sourceTree = "<group>";
		};
/* End PBXGroup section */

/* Begin PBXNativeTarget section */
		00B6430A2F7EC58800CC8B51 /* NinetyWatch Watch App */ = {
			isa = PBXNativeTarget;
			buildConfigurationList = 00B643162F7EC58900CC8B51 /* Build configuration list for PBXNativeTarget "NinetyWatch Watch App" */;
			buildPhases = (
				00B643072F7EC58800CC8B51 /* Sources */,
				00B643082F7EC58800CC8B51 /* Frameworks */,
				00B643092F7EC58800CC8B51 /* Resources */,
			);
			buildRules = (
			);
			dependencies = (
			);
			fileSystemSynchronizedGroups = (
				00B6430C2F7EC58800CC8B51 /* NinetyWatch Watch App */,
				D23DFE0B2F967A6F004C4401 /* dataset */,
			);
			name = "NinetyWatch Watch App";
			packageProductDependencies = (
			);
			productName = "NinetyWatch Watch App";
			productReference = 00B6430B2F7EC58800CC8B51 /* NinetyWatch Watch App.app */;
			productType = "com.apple.product-type.application";
		};
		5BB3ED652C3AD54600CD4274 /* Ninety */ = {
			isa = PBXNativeTarget;
			buildConfigurationList = 5BB3ED742C3AD54700CD4274 /* Build configuration list for PBXNativeTarget "Ninety" */;
			buildPhases = (
				5BB3ED622C3AD54600CD4274 /* Sources */,
				5BB3ED632C3AD54600CD4274 /* Frameworks */,
				5BB3ED642C3AD54600CD4274 /* Resources */,
				00B643192F7EC58900CC8B51 /* Embed Watch Content */,
			);
			buildRules = (
			);
			dependencies = (
				00B643142F7EC58900CC8B51 /* PBXTargetDependency */,
			);
			name = Ninety;
			productName = Ninety;
			productReference = 5BB3ED662C3AD54600CD4274 /* Ninety.app */;
			productType = "com.apple.product-type.application";
		};
/* End PBXNativeTarget section */

/* Begin PBXProject section */
		5BB3ED5E2C3AD54600CD4274 /* Project object */ = {
			isa = PBXProject;
			attributes = {
				BuildIndependentTargetsInParallel = 1;
				LastSwiftUpdateCheck = 2640;
				LastUpgradeCheck = 2640;
				TargetAttributes = {
					00B6430A2F7EC58800CC8B51 = {
						CreatedOnToolsVersion = 26.4;
					};
					5BB3ED652C3AD54600CD4274 = {
						CreatedOnToolsVersion = 15.4;
					};
				};
			};
			buildConfigurationList = 5BB3ED612C3AD54600CD4274 /* Build configuration list for PBXProject "Ninety" */;
			compatibilityVersion = "Xcode 14.0";
			developmentRegion = en;
			hasScannedForEncodings = 0;
			knownRegions = (
				en,
				Base,
			);
			mainGroup = 5BB3ED5D2C3AD54600CD4274;
			productRefGroup = 5BB3ED672C3AD54600CD4274 /* Products */;
			projectDirPath = "";
			projectRoot = "";
			targets = (
				5BB3ED652C3AD54600CD4274 /* Ninety */,
				00B6430A2F7EC58800CC8B51 /* NinetyWatch Watch App */,
			);
		};
/* End PBXProject section */

/* Begin PBXResourcesBuildPhase section */
		00B643092F7EC58800CC8B51 /* Resources */ = {
			isa = PBXResourcesBuildPhase;
			buildActionMask = 2147483647;
			files = (
				00B643242F85305E00CC8B51 /* NeuralWakeUP.mlmodel in Resources */,
			);
			runOnlyForDeploymentPostprocessing = 0;
		};
		5BB3ED642C3AD54600CD4274 /* Resources */ = {
			isa = PBXResourcesBuildPhase;
			buildActionMask = 2147483647;
			files = (
				5BB3ED712C3AD54700CD4274 /* Preview Assets.xcassets in Resources */,
				C0D3B0060000000000000001 /* AppShortcuts.strings in Resources */,
				5BB3ED6E2C3AD54700CD4274 /* Assets.xcassets in Resources */,
			);
			runOnlyForDeploymentPostprocessing = 0;
		};
/* End PBXResourcesBuildPhase section */

/* Begin PBXSourcesBuildPhase section */
		00B643072F7EC58800CC8B51 /* Sources */ = {
			isa = PBXSourcesBuildPhase;
			buildActionMask = 2147483647;
			files = (
			);
			runOnlyForDeploymentPostprocessing = 0;
		};
		5BB3ED622C3AD54600CD4274 /* Sources */ = {
			isa = PBXSourcesBuildPhase;
			buildActionMask = 2147483647;
			files = (
				5BF32F832C3C056900A528BD /* SettingsView.swift in Sources */,
				001E1CC72F87FA3B00AD4DC7 /* NinetySiriShortcuts.swift in Sources */,
				C0D3B0010000000000000001 /* NinetyAlarmIntentSupport.swift in Sources */,
				C0D3B0020000000000000001 /* SetNinetyAlarmIntent.swift in Sources */,
				C0D3B0030000000000000001 /* GetNinetyAlarmIntent.swift in Sources */,
				C0D3B0040000000000000001 /* UpdateNinetyAlarmIntent.swift in Sources */,
				C0D3B0050000000000000001 /* CancelNinetyAlarmIntent.swift in Sources */,
				001E1C972F853EB100AD4DC7 /* DiagnosticsView.swift in Sources */,
				5B7A310C2C3FDCCB00353790 /* ScheduleViewModel.swift in Sources */,
				D00000000000000000000006 /* ScheduleViewModel+Storage.swift in Sources */,
				001E1C922F853DF500AD4DC7 /* SensorPayload.swift in Sources */,
				001E1C932F853DF500AD4DC7 /* SmartAlarmManager.swift in Sources */,
				001E1C952F853DF500AD4DC7 /* SleepSessionManager.swift in Sources */,
				D00000000000000000000001 /* SleepSessionManager+WatchConnectivity.swift in Sources */,
				D00000000000000000000002 /* SleepSessionManager+PayloadHandling.swift in Sources */,
				D00000000000000000000003 /* SleepSessionManager+Analysis.swift in Sources */,
				D00000000000000000000004 /* SleepSessionManager+Persistence.swift in Sources */,
				D00000000000000000000005 /* SleepSessionManager+Utilities.swift in Sources */,
				5B7A31132C401F9F00353790 /* SettingsViewModel.swift in Sources */,
				5BB3ED6A2C3AD54600CD4274 /* NinetyApp.swift in Sources */,
				5BF32F852C3C05A900A528BD /* ScheduleView.swift in Sources */,
				D00000000000000000000007 /* ScheduleView+WatchSetup.swift in Sources */,
				D00000000000000000000008 /* SchedulePickerComponents.swift in Sources */,
				A1B2C3E12C3FDC8200353790 /* RedesignedComponents.swift in Sources */,
				A1B2C3D22C3FDC8200353790 /* LiquidGlass.swift in Sources */,
				0095803E2F9F98EE005241FF /* SafariView.swift in Sources */,
				5BB3ED7C2C3ADCAB00CD4274 /* OnboardingView.swift in Sources */,
				B1C2D3E42F90123400AABBCC /* GuidedTourView.swift in Sources */,
				E1A2B3C92F96820000112233 /* TestModeView.swift in Sources */,
			);
			runOnlyForDeploymentPostprocessing = 0;
		};
/* End PBXSourcesBuildPhase section */

/* Begin PBXTargetDependency section */
		00B643142F7EC58900CC8B51 /* PBXTargetDependency */ = {
			isa = PBXTargetDependency;
			target = 00B6430A2F7EC58800CC8B51 /* NinetyWatch Watch App */;
			targetProxy = 00B643132F7EC58900CC8B51 /* PBXContainerItemProxy */;
		};
/* End PBXTargetDependency section */

/* Begin XCBuildConfiguration section */
		00B643172F7EC58900CC8B51 /* Debug */ = {
			isa = XCBuildConfiguration;
			buildSettings = {
				ASSETCATALOG_COMPILER_APPICON_NAME = AppIcon;
				ASSETCATALOG_COMPILER_GLOBAL_ACCENT_COLOR_NAME = AccentColor;
				CODE_SIGN_ENTITLEMENTS = "NinetyWatch Watch App/NinetyWatch Watch App.entitlements";
				CODE_SIGN_IDENTITY = "Apple Development";
				"CODE_SIGN_IDENTITY[sdk=watchos*]" = "iPhone Developer";
				CODE_SIGN_STYLE = Manual;
				CURRENT_PROJECT_VERSION = 1;
				DEVELOPMENT_TEAM = "";
				"DEVELOPMENT_TEAM[sdk=watchos*]" = MRW2SK48AX;
				ENABLE_PREVIEWS = YES;
				GENERATE_INFOPLIST_FILE = YES;
				INFOPLIST_FILE = "NinetyWatch-Watch-App-Info.plist";
				INFOPLIST_KEY_CFBundleDisplayName = NinetyWatch;
				INFOPLIST_KEY_NSHealthShareUsageDescription = "Ninety needs access to your heart rate to detect sleep stages.";
				INFOPLIST_KEY_NSMotionUsageDescription = "Ninety uses your movement to identify the best time to wake you up.";
				INFOPLIST_KEY_UISupportedInterfaceOrientations = "UIInterfaceOrientationPortrait UIInterfaceOrientationPortraitUpsideDown";
				INFOPLIST_KEY_WKCompanionAppBundleIdentifier = it.ninetyTeam.ninety;
				LD_RUNPATH_SEARCH_PATHS = (
					"$(inherited)",
					"@executable_path/Frameworks",
				);
				MARKETING_VERSION = 1.0;
				PRODUCT_BUNDLE_IDENTIFIER = it.ninetyTeam.ninety.watchkitapp;
				PRODUCT_NAME = "$(TARGET_NAME)";
				PROVISIONING_PROFILE_SPECIFIER = "";
				"PROVISIONING_PROFILE_SPECIFIER[sdk=watchos*]" = NinetyWatch;
				SDKROOT = watchos;
				SKIP_INSTALL = YES;
				STRING_CATALOG_GENERATE_SYMBOLS = YES;
				SWIFT_APPROACHABLE_CONCURRENCY = YES;
				SWIFT_DEFAULT_ACTOR_ISOLATION = MainActor;
				SWIFT_EMIT_LOC_STRINGS = YES;
				SWIFT_UPCOMING_FEATURE_MEMBER_IMPORT_VISIBILITY = YES;
				SWIFT_VERSION = 5.0;
				TARGETED_DEVICE_FAMILY = 4;
				WATCHOS_DEPLOYMENT_TARGET = 26.0;
			};
			name = Debug;
		};
		00B643182F7EC58900CC8B51 /* Release */ = {
			isa = XCBuildConfiguration;
			buildSettings = {
				ASSETCATALOG_COMPILER_APPICON_NAME = AppIcon;
				ASSETCATALOG_COMPILER_GLOBAL_ACCENT_COLOR_NAME = AccentColor;
				CODE_SIGN_ENTITLEMENTS = "NinetyWatch Watch App/NinetyWatch Watch App.entitlements";
				CODE_SIGN_IDENTITY = "Apple Development";
				"CODE_SIGN_IDENTITY[sdk=watchos*]" = "iPhone Developer";
				CODE_SIGN_STYLE = Manual;
				CURRENT_PROJECT_VERSION = 1;
				DEVELOPMENT_TEAM = "";
				"DEVELOPMENT_TEAM[sdk=watchos*]" = MRW2SK48AX;
				ENABLE_PREVIEWS = YES;
				GENERATE_INFOPLIST_FILE = YES;
				INFOPLIST_FILE = "NinetyWatch-Watch-App-Info.plist";
				INFOPLIST_KEY_CFBundleDisplayName = NinetyWatch;
				INFOPLIST_KEY_NSHealthShareUsageDescription = "Ninety needs access to your heart rate to detect sleep stages.";
				INFOPLIST_KEY_NSMotionUsageDescription = "Ninety uses your movement to identify the best time to wake you up.";
				INFOPLIST_KEY_UISupportedInterfaceOrientations = "UIInterfaceOrientationPortrait UIInterfaceOrientationPortraitUpsideDown";
				INFOPLIST_KEY_WKCompanionAppBundleIdentifier = it.ninetyTeam.ninety;
				LD_RUNPATH_SEARCH_PATHS = (
					"$(inherited)",
					"@executable_path/Frameworks",
				);
				MARKETING_VERSION = 1.0;
				PRODUCT_BUNDLE_IDENTIFIER = it.ninetyTeam.ninety.watchkitapp;
				PRODUCT_NAME = "$(TARGET_NAME)";
				PROVISIONING_PROFILE_SPECIFIER = "";
				"PROVISIONING_PROFILE_SPECIFIER[sdk=watchos*]" = NinetyWatch;
				SDKROOT = watchos;
				SKIP_INSTALL = YES;
				STRING_CATALOG_GENERATE_SYMBOLS = YES;
				SWIFT_APPROACHABLE_CONCURRENCY = YES;
				SWIFT_DEFAULT_ACTOR_ISOLATION = MainActor;
				SWIFT_EMIT_LOC_STRINGS = YES;
				SWIFT_UPCOMING_FEATURE_MEMBER_IMPORT_VISIBILITY = YES;
				SWIFT_VERSION = 5.0;
				TARGETED_DEVICE_FAMILY = 4;
				WATCHOS_DEPLOYMENT_TARGET = 26.0;
			};
			name = Release;
		};
		5BB3ED722C3AD54700CD4274 /* Debug */ = {
			isa = XCBuildConfiguration;
			buildSettings = {
				ALWAYS_SEARCH_USER_PATHS = NO;
				ASSETCATALOG_COMPILER_GENERATE_SWIFT_ASSET_SYMBOL_EXTENSIONS = YES;
				CLANG_ANALYZER_NONNULL = YES;
				CLANG_ANALYZER_NUMBER_OBJECT_CONVERSION = YES_AGGRESSIVE;
				CLANG_CXX_LANGUAGE_STANDARD = "gnu++20";
				CLANG_ENABLE_MODULES = YES;
				CLANG_ENABLE_OBJC_ARC = YES;
				CLANG_ENABLE_OBJC_WEAK = YES;
				CLANG_WARN_BLOCK_CAPTURE_AUTORELEASING = YES;
				CLANG_WARN_BOOL_CONVERSION = YES;
				CLANG_WARN_COMMA = YES;
				CLANG_WARN_CONSTANT_CONVERSION = YES;
				CLANG_WARN_DEPRECATED_OBJC_IMPLEMENTATIONS = YES;
				CLANG_WARN_DIRECT_OBJC_ISA_USAGE = YES_ERROR;
				CLANG_WARN_DOCUMENTATION_COMMENTS = YES;
				CLANG_WARN_EMPTY_BODY = YES;
				CLANG_WARN_ENUM_CONVERSION = YES;
				CLANG_WARN_INFINITE_RECURSION = YES;
				CLANG_WARN_INT_CONVERSION = YES;
				CLANG_WARN_NON_LITERAL_NULL_CONVERSION = YES;
				CLANG_WARN_OBJC_IMPLICIT_RETAIN_SELF = YES;
				CLANG_WARN_OBJC_LITERAL_CONVERSION = YES;
				CLANG_WARN_OBJC_ROOT_CLASS = YES_ERROR;
				CLANG_WARN_QUOTED_INCLUDE_IN_FRAMEWORK_HEADER = YES;
				CLANG_WARN_RANGE_LOOP_ANALYSIS = YES;
				CLANG_WARN_STRICT_PROTOTYPES = YES;
				CLANG_WARN_SUSPICIOUS_MOVE = YES;
				CLANG_WARN_UNGUARDED_AVAILABILITY = YES_AGGRESSIVE;
				CLANG_WARN_UNREACHABLE_CODE = YES;
				CLANG_WARN__DUPLICATE_METHOD_MATCH = YES;
				COPY_PHASE_STRIP = NO;
				DEBUG_INFORMATION_FORMAT = dwarf;
				DEVELOPMENT_TEAM = AA85423644;
				ENABLE_STRICT_OBJC_MSGSEND = YES;
				ENABLE_TESTABILITY = YES;
				ENABLE_USER_SCRIPT_SANDBOXING = YES;
				GCC_C_LANGUAGE_STANDARD = gnu17;
				GCC_DYNAMIC_NO_PIC = NO;
				GCC_NO_COMMON_BLOCKS = YES;
				GCC_OPTIMIZATION_LEVEL = 0;
				GCC_PREPROCESSOR_DEFINITIONS = (
					"DEBUG=1",
					"$(inherited)",
				);
				GCC_WARN_64_TO_32_BIT_CONVERSION = YES;
				GCC_WARN_ABOUT_RETURN_TYPE = YES_ERROR;
				GCC_WARN_UNDECLARED_SELECTOR = YES;
				GCC_WARN_UNINITIALIZED_AUTOS = YES_AGGRESSIVE;
				GCC_WARN_UNUSED_FUNCTION = YES;
				GCC_WARN_UNUSED_VARIABLE = YES;
				IPHONEOS_DEPLOYMENT_TARGET = 17.5;
				LOCALIZATION_PREFERS_STRING_CATALOGS = YES;
				MTL_ENABLE_DEBUG_INFO = INCLUDE_SOURCE;
				MTL_FAST_MATH = YES;
				ONLY_ACTIVE_ARCH = YES;
				SDKROOT = iphoneos;
				STRING_CATALOG_GENERATE_SYMBOLS = YES;
				SWIFT_ACTIVE_COMPILATION_CONDITIONS = "DEBUG $(inherited)";
				SWIFT_OPTIMIZATION_LEVEL = "-Onone";
			};
			name = Debug;
		};
		5BB3ED732C3AD54700CD4274 /* Release */ = {
			isa = XCBuildConfiguration;
			buildSettings = {
				ALWAYS_SEARCH_USER_PATHS = NO;
				ASSETCATALOG_COMPILER_GENERATE_SWIFT_ASSET_SYMBOL_EXTENSIONS = YES;
				CLANG_ANALYZER_NONNULL = YES;
				CLANG_ANALYZER_NUMBER_OBJECT_CONVERSION = YES_AGGRESSIVE;
				CLANG_CXX_LANGUAGE_STANDARD = "gnu++20";
				CLANG_ENABLE_MODULES = YES;
				CLANG_ENABLE_OBJC_ARC = YES;
				CLANG_ENABLE_OBJC_WEAK = YES;
				CLANG_WARN_BLOCK_CAPTURE_AUTORELEASING = YES;
				CLANG_WARN_BOOL_CONVERSION = YES;
				CLANG_WARN_COMMA = YES;
				CLANG_WARN_CONSTANT_CONVERSION = YES;
				CLANG_WARN_DEPRECATED_OBJC_IMPLEMENTATIONS = YES;
				CLANG_WARN_DIRECT_OBJC_ISA_USAGE = YES_ERROR;
				CLANG_WARN_DOCUMENTATION_COMMENTS = YES;
				CLANG_WARN_EMPTY_BODY = YES;
				CLANG_WARN_ENUM_CONVERSION = YES;
				CLANG_WARN_INFINITE_RECURSION = YES;
				CLANG_WARN_INT_CONVERSION = YES;
				CLANG_WARN_NON_LITERAL_NULL_CONVERSION = YES;
				CLANG_WARN_OBJC_IMPLICIT_RETAIN_SELF = YES;
				CLANG_WARN_OBJC_LITERAL_CONVERSION = YES;
				CLANG_WARN_OBJC_ROOT_CLASS = YES_ERROR;
				CLANG_WARN_QUOTED_INCLUDE_IN_FRAMEWORK_HEADER = YES;
				CLANG_WARN_RANGE_LOOP_ANALYSIS = YES;
				CLANG_WARN_STRICT_PROTOTYPES = YES;
				CLANG_WARN_SUSPICIOUS_MOVE = YES;
				CLANG_WARN_UNGUARDED_AVAILABILITY = YES_AGGRESSIVE;
				CLANG_WARN_UNREACHABLE_CODE = YES;
				CLANG_WARN__DUPLICATE_METHOD_MATCH = YES;
				COPY_PHASE_STRIP = NO;
				DEBUG_INFORMATION_FORMAT = "dwarf-with-dsym";
				DEVELOPMENT_TEAM = AA85423644;
				ENABLE_NS_ASSERTIONS = NO;
				ENABLE_STRICT_OBJC_MSGSEND = YES;
				ENABLE_USER_SCRIPT_SANDBOXING = YES;
				GCC_C_LANGUAGE_STANDARD = gnu17;
				GCC_NO_COMMON_BLOCKS = YES;
				GCC_WARN_64_TO_32_BIT_CONVERSION = YES;
				GCC_WARN_ABOUT_RETURN_TYPE = YES_ERROR;
				GCC_WARN_UNDECLARED_SELECTOR = YES;
				GCC_WARN_UNINITIALIZED_AUTOS = YES_AGGRESSIVE;
				GCC_WARN_UNUSED_FUNCTION = YES;
				GCC_WARN_UNUSED_VARIABLE = YES;
				IPHONEOS_DEPLOYMENT_TARGET = 17.5;
				LOCALIZATION_PREFERS_STRING_CATALOGS = YES;
				MTL_ENABLE_DEBUG_INFO = NO;
				MTL_FAST_MATH = YES;
				SDKROOT = iphoneos;
				STRING_CATALOG_GENERATE_SYMBOLS = YES;
				SWIFT_COMPILATION_MODE = wholemodule;
				VALIDATE_PRODUCT = YES;
			};
			name = Release;
		};
		5BB3ED752C3AD54700CD4274 /* Debug */ = {
			isa = XCBuildConfiguration;
			buildSettings = {
				ASSETCATALOG_COMPILER_APPICON_NAME = AppIcon;
				ASSETCATALOG_COMPILER_GLOBAL_ACCENT_COLOR_NAME = AccentColor;
				CODE_SIGN_ENTITLEMENTS = Ninety/Ninety.entitlements;
				CODE_SIGN_IDENTITY = "Apple Development";
				"CODE_SIGN_IDENTITY[sdk=iphoneos*]" = "iPhone Developer";
				CODE_SIGN_STYLE = Manual;
				CURRENT_PROJECT_VERSION = 1;
				DEVELOPMENT_ASSET_PATHS = "\"Ninety/Preview Content\"";
				DEVELOPMENT_TEAM = "";
				"DEVELOPMENT_TEAM[sdk=iphoneos*]" = MRW2SK48AX;
				ENABLE_PREVIEWS = YES;
				GENERATE_INFOPLIST_FILE = YES;
				INFOPLIST_FILE = Ninety/Info.plist;
				INFOPLIST_KEY_NSSiriUsageDescription = "Uso di Siri";
				INFOPLIST_KEY_UIApplicationSceneManifest_Generation = YES;
				INFOPLIST_KEY_UIApplicationSupportsIndirectInputEvents = YES;
				INFOPLIST_KEY_UILaunchScreen_Generation = YES;
				INFOPLIST_KEY_UISupportedInterfaceOrientations = UIInterfaceOrientationPortrait;
				IPHONEOS_DEPLOYMENT_TARGET = 26.1;
				LD_RUNPATH_SEARCH_PATHS = (
					"$(inherited)",
					"@executable_path/Frameworks",
				);
				MARKETING_VERSION = 1.0;
				PRODUCT_BUNDLE_IDENTIFIER = it.ninetyTeam.ninety;
				PRODUCT_NAME = "$(TARGET_NAME)";
				PROVISIONING_PROFILE_SPECIFIER = "";
				"PROVISIONING_PROFILE_SPECIFIER[sdk=iphoneos*]" = "App Ninety";
				SWIFT_EMIT_LOC_STRINGS = YES;
				SWIFT_VERSION = 5.0;
				TARGETED_DEVICE_FAMILY = "1,2";
			};
			name = Debug;
		};
		5BB3ED762C3AD54700CD4274 /* Release */ = {
			isa = XCBuildConfiguration;
			buildSettings = {
				ASSETCATALOG_COMPILER_APPICON_NAME = AppIcon;
				ASSETCATALOG_COMPILER_GLOBAL_ACCENT_COLOR_NAME = AccentColor;
				CODE_SIGN_ENTITLEMENTS = Ninety/Ninety.entitlements;
				CODE_SIGN_IDENTITY = "Apple Development";
				"CODE_SIGN_IDENTITY[sdk=iphoneos*]" = "iPhone Developer";
				CODE_SIGN_STYLE = Manual;
				CURRENT_PROJECT_VERSION = 1;
				DEVELOPMENT_ASSET_PATHS = "\"Ninety/Preview Content\"";
				DEVELOPMENT_TEAM = "";
				"DEVELOPMENT_TEAM[sdk=iphoneos*]" = MRW2SK48AX;
				ENABLE_PREVIEWS = YES;
				GENERATE_INFOPLIST_FILE = YES;
				INFOPLIST_FILE = Ninety/Info.plist;
				INFOPLIST_KEY_NSSiriUsageDescription = "Uso di Siri";
				INFOPLIST_KEY_UIApplicationSceneManifest_Generation = YES;
				INFOPLIST_KEY_UIApplicationSupportsIndirectInputEvents = YES;
				INFOPLIST_KEY_UILaunchScreen_Generation = YES;
				INFOPLIST_KEY_UISupportedInterfaceOrientations = UIInterfaceOrientationPortrait;
				IPHONEOS_DEPLOYMENT_TARGET = 26.1;
				LD_RUNPATH_SEARCH_PATHS = (
					"$(inherited)",
					"@executable_path/Frameworks",
				);
				MARKETING_VERSION = 1.0;
				PRODUCT_BUNDLE_IDENTIFIER = it.ninetyTeam.ninety;
				PRODUCT_NAME = "$(TARGET_NAME)";
				PROVISIONING_PROFILE_SPECIFIER = "";
				"PROVISIONING_PROFILE_SPECIFIER[sdk=iphoneos*]" = "App Ninety";
				SWIFT_EMIT_LOC_STRINGS = YES;
				SWIFT_VERSION = 5.0;
				TARGETED_DEVICE_FAMILY = "1,2";
			};
			name = Release;
		};
/* End XCBuildConfiguration section */

/* Begin XCConfigurationList section */
		00B643162F7EC58900CC8B51 /* Build configuration list for PBXNativeTarget "NinetyWatch Watch App" */ = {
			isa = XCConfigurationList;
			buildConfigurations = (
				00B643172F7EC58900CC8B51 /* Debug */,
				00B643182F7EC58900CC8B51 /* Release */,
			);
			defaultConfigurationIsVisible = 0;
			defaultConfigurationName = Release;
		};
		5BB3ED612C3AD54600CD4274 /* Build configuration list for PBXProject "Ninety" */ = {
			isa = XCConfigurationList;
			buildConfigurations = (
				5BB3ED722C3AD54700CD4274 /* Debug */,
				5BB3ED732C3AD54700CD4274 /* Release */,
			);
			defaultConfigurationIsVisible = 0;
			defaultConfigurationName = Release;
		};
		5BB3ED742C3AD54700CD4274 /* Build configuration list for PBXNativeTarget "Ninety" */ = {
			isa = XCConfigurationList;
			buildConfigurations = (
				5BB3ED752C3AD54700CD4274 /* Debug */,
				5BB3ED762C3AD54700CD4274 /* Release */,
			);
			defaultConfigurationIsVisible = 0;
			defaultConfigurationName = Release;
		};
/* End XCConfigurationList section */
	};
	rootObject = 5BB3ED5E2C3AD54600CD4274 /* Project object */;
}
